<Solution>
  <Project Path="DivanSufi.Application/DivanSufi.Application.csproj" />
  <Project Path="DivanSufi.Domain/DivanSufi.Domain.csproj" />
  <Project Path="DivanSufi.Infrastructure/DivanSufi.Infrastructure.csproj" />
  <Project Path="DivanSufi.Tests/DivanSufi.Tests.csproj" />
  <Project Path="DivanSufi.WebApi/DivanSufi.WebApi.csproj" />
</Solution>
